// !$*UTF8*$!
{
	archiveVersion = 1;
	classes = {
	};
	objectVersion = 46;
	objects = {

/* Begin PBXBuildFile section */
		948330AF1D98B58A008EA934 /* AppDelegate.swift in Sources */ = {isa = PBXBuildFile; fileRef = 948330AE1D98B58A008EA934 /* AppDelegate.swift */; };
		948330B11D98B58A008EA934 /* ViewController.swift in Sources */ = {isa = PBXBuildFile; fileRef = 948330B01D98B58A008EA934 /* ViewController.swift */; };
		948330B41D98B58A008EA934 /* Main.storyboard in Resources */ = {isa = PBXBuildFile; fileRef = 948330B21D98B58A008EA934 /* Main.storyboard */; };
		948330B61D98B58A008EA934 /* Assets.xcassets in Resources */ = {isa = PBXBuildFile; fileRef = 948330B51D98B58A008EA934 /* Assets.xcassets */; };
		948330B91D98B58A008EA934 /* LaunchScreen.storyboard in Resources */ = {isa = PBXBuildFile; fileRef = 948330B71D98B58A008EA934 /* LaunchScreen.storyboard */; };
		948330BE1D98B58A008EA934 /* Accediendo-a-la-nube-con-iOS_Semana-3_HolaMundo WatchKit App.app in Embed Watch Content */ = {isa = PBXBuildFile; fileRef = 948330BD1D98B58A008EA934 /* Accediendo-a-la-nube-con-iOS_Semana-3_HolaMundo WatchKit App.app */; };
		948330C41D98B58A008EA934 /* Interface.storyboard in Resources */ = {isa = PBXBuildFile; fileRef = 948330C21D98B58A008EA934 /* Interface.storyboard */; };
		948330C61D98B58A008EA934 /* Assets.xcassets in Resources */ = {isa = PBXBuildFile; fileRef = 948330C51D98B58A008EA934 /* Assets.xcassets */; };
		948330CD1D98B58B008EA934 /* Accediendo-a-la-nube-con-iOS_Semana-3_HolaMundo WatchKit Extension.appex in Embed App Extensions */ = {isa = PBXBuildFile; fileRef = 948330CC1D98B58B008EA934 /* Accediendo-a-la-nube-con-iOS_Semana-3_HolaMundo WatchKit Extension.appex */; settings = {ATTRIBUTES = (RemoveHeadersOnCopy, ); }; };
		948330D41D98B58B008EA934 /* InterfaceController.swift in Sources */ = {isa = PBXBuildFile; fileRef = 948330D31D98B58B008EA934 /* InterfaceController.swift */; };
		948330D61D98B58B008EA934 /* ExtensionDelegate.swift in Sources */ = {isa = PBXBuildFile; fileRef = 948330D51D98B58B008EA934 /* ExtensionDelegate.swift */; };
		948330D81D98B58B008EA934 /* NotificationController.swift in Sources */ = {isa = PBXBuildFile; fileRef = 948330D71D98B58B008EA934 /* NotificationController.swift */; };
		948330DA1D98B58B008EA934 /* GlanceController.swift in Sources */ = {isa = PBXBuildFile; fileRef = 948330D91D98B58B008EA934 /* GlanceController.swift */; };
		948330DC1D98B58B008EA934 /* Assets.xcassets in Resources */ = {isa = PBXBuildFile; fileRef = 948330DB1D98B58B008EA934 /* Assets.xcassets */; };
/* End PBXBuildFile section */

/* Begin PBXContainerItemProxy section */
		948330BF1D98B58A008EA934 /* PBXContainerItemProxy */ = {
			isa = PBXContainerItemProxy;
			containerPortal = 948330A31D98B589008EA934 /* Project object */;
			proxyType = 1;
			remoteGlobalIDString = 948330BC1D98B58A008EA934;
			remoteInfo = "Accediendo-a-la-nube-con-iOS_Semana-3_HolaMundo WatchKit App";
		};
		948330CE1D98B58B008EA934 /* PBXContainerItemProxy */ = {
			isa = PBXContainerItemProxy;
			containerPortal = 948330A31D98B589008EA934 /* Project object */;
			proxyType = 1;
			remoteGlobalIDString = 948330CB1D98B58B008EA934;
			remoteInfo = "Accediendo-a-la-nube-con-iOS_Semana-3_HolaMundo WatchKit Extension";
		};
/* End PBXContainerItemProxy section */

/* Begin PBXCopyFilesBuildPhase section */
		948330E31D98B58B008EA934 /* Embed App Extensions */ = {
			isa = PBXCopyFilesBuildPhase;
			buildActionMask = 2147483647;
			dstPath = "";
			dstSubfolderSpec = 13;
			files = (
				948330CD1D98B58B008EA934 /* Accediendo-a-la-nube-con-iOS_Semana-3_HolaMundo WatchKit Extension.appex in Embed App Extensions */,
			);
			name = "Embed App Extensions";
			runOnlyForDeploymentPostprocessing = 0;
		};
		948330E71D98B58B008EA934 /* Embed Watch Content */ = {
			isa = PBXCopyFilesBuildPhase;
			buildActionMask = 2147483647;
			dstPath = "$(CONTENTS_FOLDER_PATH)/Watch";
			dstSubfolderSpec = 16;
			files = (
				948330BE1D98B58A008EA934 /* Accediendo-a-la-nube-con-iOS_Semana-3_HolaMundo WatchKit App.app in Embed Watch Content */,
			);
			name = "Embed Watch Content";
			runOnlyForDeploymentPostprocessing = 0;
		};
/* End PBXCopyFilesBuildPhase section */

/* Begin PBXFileReference section */
		948330AB1D98B58A008EA934 /* Accediendo-a-la-nube-con-iOS_Semana-3_HolaMundo.app */ = {isa = PBXFileReference; explicitFileType = wrapper.application; includeInIndex = 0; path = "Accediendo-a-la-nube-con-iOS_Semana-3_HolaMundo.app"; sourceTree = BUILT_PRODUCTS_DIR; };
		948330AE1D98B58A008EA934 /* AppDelegate.swift */ = {isa = PBXFileReference; lastKnownFileType = sourcecode.swift; path = AppDelegate.swift; sourceTree = "<group>"; };
		948330B01D98B58A008EA934 /* ViewController.swift */ = {isa = PBXFileReference; lastKnownFileType = sourcecode.swift; path = ViewController.swift; sourceTree = "<group>"; };
		948330B31D98B58A008EA934 /* Base */ = {isa = PBXFileReference; lastKnownFileType = file.storyboard; name = Base; path = Base.lproj/Main.storyboard; sourceTree = "<group>"; };
		948330B51D98B58A008EA934 /* Assets.xcassets */ = {isa = PBXFileReference; lastKnownFileType = folder.assetcatalog; path = Assets.xcassets; sourceTree = "<group>"; };
		948330B81D98B58A008EA934 /* Base */ = {isa = PBXFileReference; lastKnownFileType = file.storyboard; name = Base; path = Base.lproj/LaunchScreen.storyboard; sourceTree = "<group>"; };
		948330BA1D98B58A008EA934 /* Info.plist */ = {isa = PBXFileReference; lastKnownFileType = text.plist.xml; path = Info.plist; sourceTree = "<group>"; };
		948330BD1D98B58A008EA934 /* Accediendo-a-la-nube-con-iOS_Semana-3_HolaMundo WatchKit App.app */ = {isa = PBXFileReference; explicitFileType = wrapper.application; includeInIndex = 0; path = "Accediendo-a-la-nube-con-iOS_Semana-3_HolaMundo WatchKit App.app"; sourceTree = BUILT_PRODUCTS_DIR; };
		948330C31D98B58A008EA934 /* Base */ = {isa = PBXFileReference; lastKnownFileType = file.storyboard; name = Base; path = Base.lproj/Interface.storyboard; sourceTree = "<group>"; };
		948330C51D98B58A008EA934 /* Assets.xcassets */ = {isa = PBXFileReference; lastKnownFileType = folder.assetcatalog; path = Assets.xcassets; sourceTree = "<group>"; };
		948330C71D98B58A008EA934 /* Info.plist */ = {isa = PBXFileReference; lastKnownFileType = text.plist.xml; path = Info.plist; sourceTree = "<group>"; };
		948330CC1D98B58B008EA934 /* Accediendo-a-la-nube-con-iOS_Semana-3_HolaMundo WatchKit Extension.appex */ = {isa = PBXFileReference; explicitFileType = "wrapper.app-extension"; includeInIndex = 0; path = "Accediendo-a-la-nube-con-iOS_Semana-3_HolaMundo WatchKit Extension.appex"; sourceTree = BUILT_PRODUCTS_DIR; };
		948330D21D98B58B008EA934 /* PushNotificationPayload.apns */ = {isa = PBXFileReference; lastKnownFileType = text; path = PushNotificationPayload.apns; sourceTree = "<group>"; };
		948330D31D98B58B008EA934 /* InterfaceController.swift */ = {isa = PBXFileReference; lastKnownFileType = sourcecode.swift; path = InterfaceController.swift; sourceTree = "<group>"; };
		948330D51D98B58B008EA934 /* ExtensionDelegate.swift */ = {isa = PBXFileReference; lastKnownFileType = sourcecode.swift; path = ExtensionDelegate.swift; sourceTree = "<group>"; };
		948330D71D98B58B008EA934 /* NotificationController.swift */ = {isa = PBXFileReference; lastKnownFileType = sourcecode.swift; path = NotificationController.swift; sourceTree = "<group>"; };
		948330D91D98B58B008EA934 /* GlanceController.swift */ = {isa = PBXFileReference; lastKnownFileType = sourcecode.swift; path = GlanceController.swift; sourceTree = "<group>"; };
		948330DB1D98B58B008EA934 /* Assets.xcassets */ = {isa = PBXFileReference; lastKnownFileType = folder.assetcatalog; path = Assets.xcassets; sourceTree = "<group>"; };
		948330DD1D98B58B008EA934 /* Info.plist */ = {isa = PBXFileReference; lastKnownFileType = text.plist.xml; path = Info.plist; sourceTree = "<group>"; };
/* End PBXFileReference section */

/* Begin PBXFrameworksBuildPhase section */
		948330A81D98B58A008EA934 /* Frameworks */ = {
			isa = PBXFrameworksBuildPhase;
			buildActionMask = 2147483647;
			files = (
			);
			runOnlyForDeploymentPostprocessing = 0;
		};
		948330C91D98B58B008EA934 /* Frameworks */ = {
			isa = PBXFrameworksBuildPhase;
			buildActionMask = 2147483647;
			files = (
			);
			runOnlyForDeploymentPostprocessing = 0;
		};
/* End PBXFrameworksBuildPhase section */

/* Begin PBXGroup section */
		948330A21D98B589008EA934 = {
			isa = PBXGroup;
			children = (
				948330AD1D98B58A008EA934 /* Accediendo-a-la-nube-con-iOS_Semana-3_HolaMundo */,
				948330C11D98B58A008EA934 /* Accediendo-a-la-nube-con-iOS_Semana-3_HolaMundo WatchKit App */,
				948330D01D98B58B008EA934 /* Accediendo-a-la-nube-con-iOS_Semana-3_HolaMundo WatchKit Extension */,
				948330AC1D98B58A008EA934 /* Products */,
			);
			sourceTree = "<group>";
		};
		948330AC1D98B58A008EA934 /* Products */ = {
			isa = PBXGroup;
			children = (
				948330AB1D98B58A008EA934 /* Accediendo-a-la-nube-con-iOS_Semana-3_HolaMundo.app */,
				948330BD1D98B58A008EA934 /* Accediendo-a-la-nube-con-iOS_Semana-3_HolaMundo WatchKit App.app */,
				948330CC1D98B58B008EA934 /* Accediendo-a-la-nube-con-iOS_Semana-3_HolaMundo WatchKit Extension.appex */,
			);
			name = Products;
			sourceTree = "<group>";
		};
		948330AD1D98B58A008EA934 /* Accediendo-a-la-nube-con-iOS_Semana-3_HolaMundo */ = {
			isa = PBXGroup;
			children = (
				948330AE1D98B58A008EA934 /* AppDelegate.swift */,
				948330B01D98B58A008EA934 /* ViewController.swift */,
				948330B21D98B58A008EA934 /* Main.storyboard */,
				948330B51D98B58A008EA934 /* Assets.xcassets */,
				948330B71D98B58A008EA934 /* LaunchScreen.storyboard */,
				948330BA1D98B58A008EA934 /* Info.plist */,
			);
			path = "Accediendo-a-la-nube-con-iOS_Semana-3_HolaMundo";
			sourceTree = "<group>";
		};
		948330C11D98B58A008EA934 /* Accediendo-a-la-nube-con-iOS_Semana-3_HolaMundo WatchKit App */ = {
			isa = PBXGroup;
			children = (
				948330C21D98B58A008EA934 /* Interface.storyboard */,
				948330C51D98B58A008EA934 /* Assets.xcassets */,
				948330C71D98B58A008EA934 /* Info.plist */,
			);
			path = "Accediendo-a-la-nube-con-iOS_Semana-3_HolaMundo WatchKit App";
			sourceTree = "<group>";
		};
		948330D01D98B58B008EA934 /* Accediendo-a-la-nube-con-iOS_Semana-3_HolaMundo WatchKit Extension */ = {
			isa = PBXGroup;
			children = (
				948330D31D98B58B008EA934 /* InterfaceController.swift */,
				948330D51D98B58B008EA934 /* ExtensionDelegate.swift */,
				948330D71D98B58B008EA934 /* NotificationController.swift */,
				948330D91D98B58B008EA934 /* GlanceController.swift */,
				948330DB1D98B58B008EA934 /* Assets.xcassets */,
				948330DD1D98B58B008EA934 /* Info.plist */,
				948330D11D98B58B008EA934 /* Supporting Files */,
			);
			path = "Accediendo-a-la-nube-con-iOS_Semana-3_HolaMundo WatchKit Extension";
			sourceTree = "<group>";
		};
		948330D11D98B58B008EA934 /* Supporting Files */ = {
			isa = PBXGroup;
			children = (
				948330D21D98B58B008EA934 /* PushNotificationPayload.apns */,
			);
			name = "Supporting Files";
			sourceTree = "<group>";
		};
/* End PBXGroup section */

/* Begin PBXNativeTarget section */
		948330AA1D98B58A008EA934 /* Accediendo-a-la-nube-con-iOS_Semana-3_HolaMundo */ = {
			isa = PBXNativeTarget;
			buildConfigurationList = 948330E81D98B58B008EA934 /* Build configuration list for PBXNativeTarget "Accediendo-a-la-nube-con-iOS_Semana-3_HolaMundo" */;
			buildPhases = (
				948330A71D98B58A008EA934 /* Sources */,
				948330A81D98B58A008EA934 /* Frameworks */,
				948330A91D98B58A008EA934 /* Resources */,
				948330E71D98B58B008EA934 /* Embed Watch Content */,
			);
			buildRules = (
			);
			dependencies = (
				948330C01D98B58A008EA934 /* PBXTargetDependency */,
			);
			name = "Accediendo-a-la-nube-con-iOS_Semana-3_HolaMundo";
			productName = "Accediendo-a-la-nube-con-iOS_Semana-3_HolaMundo";
			productReference = 948330AB1D98B58A008EA934 /* Accediendo-a-la-nube-con-iOS_Semana-3_HolaMundo.app */;
			productType = "com.apple.product-type.application";
		};
		948330BC1D98B58A008EA934 /* Accediendo-a-la-nube-con-iOS_Semana-3_HolaMundo WatchKit App */ = {
			isa = PBXNativeTarget;
			buildConfigurationList = 948330E41D98B58B008EA934 /* Build configuration list for PBXNativeTarget "Accediendo-a-la-nube-con-iOS_Semana-3_HolaMundo WatchKit App" */;
			buildPhases = (
				948330BB1D98B58A008EA934 /* Resources */,
				948330E31D98B58B008EA934 /* Embed App Extensions */,
			);
			buildRules = (
			);
			dependencies = (
				948330CF1D98B58B008EA934 /* PBXTargetDependency */,
			);
			name = "Accediendo-a-la-nube-con-iOS_Semana-3_HolaMundo WatchKit App";
			productName = "Accediendo-a-la-nube-con-iOS_Semana-3_HolaMundo WatchKit App";
			productReference = 948330BD1D98B58A008EA934 /* Accediendo-a-la-nube-con-iOS_Semana-3_HolaMundo WatchKit App.app */;
			productType = "com.apple.product-type.application.watchapp2";
		};
		948330CB1D98B58B008EA934 /* Accediendo-a-la-nube-con-iOS_Semana-3_HolaMundo WatchKit Extension */ = {
			isa = PBXNativeTarget;
			buildConfigurationList = 948330E01D98B58B008EA934 /* Build configuration list for PBXNativeTarget "Accediendo-a-la-nube-con-iOS_Semana-3_HolaMundo WatchKit Extension" */;
			buildPhases = (
				948330C81D98B58B008EA934 /* Sources */,
				948330C91D98B58B008EA934 /* Frameworks */,
				948330CA1D98B58B008EA934 /* Resources */,
			);
			buildRules = (
			);
			dependencies = (
			);
			name = "Accediendo-a-la-nube-con-iOS_Semana-3_HolaMundo WatchKit Extension";
			productName = "Accediendo-a-la-nube-con-iOS_Semana-3_HolaMundo WatchKit Extension";
			productReference = 948330CC1D98B58B008EA934 /* Accediendo-a-la-nube-con-iOS_Semana-3_HolaMundo WatchKit Extension.appex */;
			productType = "com.apple.product-type.watchkit2-extension";
		};
/* End PBXNativeTarget section */

/* Begin PBXProject section */
		948330A31D98B589008EA934 /* Project object */ = {
			isa = PBXProject;
			attributes = {
				LastSwiftUpdateCheck = 0730;
				LastUpgradeCheck = 0730;
				ORGANIZATIONNAME = "Juan Carlos Carbajal Ipenza";
				TargetAttributes = {
					948330AA1D98B58A008EA934 = {
						CreatedOnToolsVersion = 7.3;
						DevelopmentTeam = 85667CV2UC;
					};
					948330BC1D98B58A008EA934 = {
						CreatedOnToolsVersion = 7.3;
						DevelopmentTeam = 85667CV2UC;
					};
					948330CB1D98B58B008EA934 = {
						CreatedOnToolsVersion = 7.3;
						DevelopmentTeam = 85667CV2UC;
					};
				};
			};
			buildConfigurationList = 948330A61D98B589008EA934 /* Build configuration list for PBXProject "Accediendo-a-la-nube-con-iOS_Semana-3_HolaMundo" */;
			compatibilityVersion = "Xcode 3.2";
			developmentRegion = English;
			hasScannedForEncodings = 0;
			knownRegions = (
				en,
				Base,
			);
			mainGroup = 948330A21D98B589008EA934;
			productRefGroup = 948330AC1D98B58A008EA934 /* Products */;
			projectDirPath = "";
			projectRoot = "";
			targets = (
				948330AA1D98B58A008EA934 /* Accediendo-a-la-nube-con-iOS_Semana-3_HolaMundo */,
				948330BC1D98B58A008EA934 /* Accediendo-a-la-nube-con-iOS_Semana-3_HolaMundo WatchKit App */,
				948330CB1D98B58B008EA934 /* Accediendo-a-la-nube-con-iOS_Semana-3_HolaMundo WatchKit Extension */,
			);
		};
/* End PBXProject section */

/* Begin PBXResourcesBuildPhase section */
		948330A91D98B58A008EA934 /* Resources */ = {
			isa = PBXResourcesBuildPhase;
			buildActionMask = 2147483647;
			files = (
				948330B91D98B58A008EA934 /* LaunchScreen.storyboard in Resources */,
				948330B61D98B58A008EA934 /* Assets.xcassets in Resources */,
				948330B41D98B58A008EA934 /* Main.storyboard in Resources */,
			);
			runOnlyForDeploymentPostprocessing = 0;
		};
		948330BB1D98B58A008EA934 /* Resources */ = {
			isa = PBXResourcesBuildPhase;
			buildActionMask = 2147483647;
			files = (
				948330C61D98B58A008EA934 /* Assets.xcassets in Resources */,
				948330C41D98B58A008EA934 /* Interface.storyboard in Resources */,
			);
			runOnlyForDeploymentPostprocessing = 0;
		};
		948330CA1D98B58B008EA934 /* Resources */ = {
			isa = PBXResourcesBuildPhase;
			buildActionMask = 2147483647;
			files = (
				948330DC1D98B58B008EA934 /* Assets.xcassets in Resources */,
			);
			runOnlyForDeploymentPostprocessing = 0;
		};
/* End PBXResourcesBuildPhase section */

/* Begin PBXSourcesBuildPhase section */
		948330A71D98B58A008EA934 /* Sources */ = {
			isa = PBXSourcesBuildPhase;
			buildActionMask = 2147483647;
			files = (
				948330B11D98B58A008EA934 /* ViewController.swift in Sources */,
				948330AF1D98B58A008EA934 /* AppDelegate.swift in Sources */,
			);
			runOnlyForDeploymentPostprocessing = 0;
		};
		948330C81D98B58B008EA934 /* Sources */ = {
			isa = PBXSourcesBuildPhase;
			buildActionMask = 2147483647;
			files = (
				948330D81D98B58B008EA934 /* NotificationController.swift in Sources */,
				948330D61D98B58B008EA934 /* ExtensionDelegate.swift in Sources */,
				948330D41D98B58B008EA934 /* InterfaceController.swift in Sources */,
				948330DA1D98B58B008EA934 /* GlanceController.swift in Sources */,
			);
			runOnlyForDeploymentPostprocessing = 0;
		};
/* End PBXSourcesBuildPhase section */

/* Begin PBXTargetDependency section */
		948330C01D98B58A008EA934 /* PBXTargetDependency */ = {
			isa = PBXTargetDependency;
			target = 948330BC1D98B58A008EA934 /* Accediendo-a-la-nube-con-iOS_Semana-3_HolaMundo WatchKit App */;
			targetProxy = 948330BF1D98B58A008EA934 /* PBXContainerItemProxy */;
		};
		948330CF1D98B58B008EA934 /* PBXTargetDependency */ = {
			isa = PBXTargetDependency;
			target = 948330CB1D98B58B008EA934 /* Accediendo-a-la-nube-con-iOS_Semana-3_HolaMundo WatchKit Extension */;
			targetProxy = 948330CE1D98B58B008EA934 /* PBXContainerItemProxy */;
		};
/* End PBXTargetDependency section */

/* Begin PBXVariantGroup section */
		948330B21D98B58A008EA934 /* Main.storyboard */ = {
			isa = PBXVariantGroup;
			children = (
				948330B31D98B58A008EA934 /* Base */,
			);
			name = Main.storyboard;
			sourceTree = "<group>";
		};
		948330B71D98B58A008EA934 /* LaunchScreen.storyboard */ = {
			isa = PBXVariantGroup;
			children = (
				948330B81D98B58A008EA934 /* Base */,
			);
			name = LaunchScreen.storyboard;
			sourceTree = "<group>";
		};
		948330C21D98B58A008EA934 /* Interface.storyboard */ = {
			isa = PBXVariantGroup;
			children = (
				948330C31D98B58A008EA934 /* Base */,
			);
			name = Interface.storyboard;
			sourceTree = "<group>";
		};
/* End PBXVariantGroup section */

/* Begin XCBuildConfiguration section */
		948330DE1D98B58B008EA934 /* Debug */ = {
			isa = XCBuildConfiguration;
			buildSettings = {
				ALWAYS_SEARCH_USER_PATHS = NO;
				CLANG_CXX_LANGUAGE_STANDARD = "gnu++0x";
				CLANG_CXX_LIBRARY = "libc++";
				CLANG_ENABLE_MODULES = YES;
				CLANG_ENABLE_OBJC_ARC = YES;
				CLANG_WARN_BOOL_CONVERSION = YES;
				CLANG_WARN_CONSTANT_CONVERSION = YES;
				CLANG_WARN_DIRECT_OBJC_ISA_USAGE = YES_ERROR;
				CLANG_WARN_EMPTY_BODY = YES;
				CLANG_WARN_ENUM_CONVERSION = YES;
				CLANG_WARN_INT_CONVERSION = YES;
				CLANG_WARN_OBJC_ROOT_CLASS = YES_ERROR;
				CLANG_WARN_UNREACHABLE_CODE = YES;
				CLANG_WARN__DUPLICATE_METHOD_MATCH = YES;
				"CODE_SIGN_IDENTITY[sdk=iphoneos*]" = "iPhone Developer";
				COPY_PHASE_STRIP = NO;
				DEBUG_INFORMATION_FORMAT = dwarf;
				ENABLE_STRICT_OBJC_MSGSEND = YES;
				ENABLE_TESTABILITY = YES;
				GCC_C_LANGUAGE_STANDARD = gnu99;
				GCC_DYNAMIC_NO_PIC = NO;
				GCC_NO_COMMON_BLOCKS = YES;
				GCC_OPTIMIZATION_LEVEL = 0;
				GCC_PREPROCESSOR_DEFINITIONS = (
					"DEBUG=1",
					"$(inherited)",
				);
				GCC_WARN_64_TO_32_BIT_CONVERSION = YES;
				GCC_WARN_ABOUT_RETURN_TYPE = YES_ERROR;
				GCC_WARN_UNDECLARED_SELECTOR = YES;
				GCC_WARN_UNINITIALIZED_AUTOS = YES_AGGRESSIVE;
				GCC_WARN_UNUSED_FUNCTION = YES;
				GCC_WARN_UNUSED_VARIABLE = YES;
				IPHONEOS_DEPLOYMENT_TARGET = 9.3;
				MTL_ENABLE_DEBUG_INFO = YES;
				ONLY_ACTIVE_ARCH = YES;
				SDKROOT = iphoneos;
				SWIFT_OPTIMIZATION_LEVEL = "-Onone";
				TARGETED_DEVICE_FAMILY = "1,2";
			};
			name = Debug;
		};
		948330DF1D98B58B008EA934 /* Release */ = {
			isa = XCBuildConfiguration;
			buildSettings = {
				ALWAYS_SEARCH_USER_PATHS = NO;
				CLANG_CXX_LANGUAGE_STANDARD = "gnu++0x";
				CLANG_CXX_LIBRARY = "libc++";
				CLANG_ENABLE_MODULES = YES;
				CLANG_ENABLE_OBJC_ARC = YES;
				CLANG_WARN_BOOL_CONVERSION = YES;
				CLANG_WARN_CONSTANT_CONVERSION = YES;
				CLANG_WARN_DIRECT_OBJC_ISA_USAGE = YES_ERROR;
				CLANG_WARN_EMPTY_BODY = YES;
				CLANG_WARN_ENUM_CONVERSION = YES;
				CLANG_WARN_INT_CONVERSION = YES;
				CLANG_WARN_OBJC_ROOT_CLASS = YES_ERROR;
				CLANG_WARN_UNREACHABLE_CODE = YES;
				CLANG_WARN__DUPLICATE_METHOD_MATCH = YES;
				"CODE_SIGN_IDENTITY[sdk=iphoneos*]" = "iPhone Developer";
				COPY_PHASE_STRIP = NO;
				DEBUG_INFORMATION_FORMAT = "dwarf-with-dsym";
				ENABLE_NS_ASSERTIONS = NO;
				ENABLE_STRICT_OBJC_MSGSEND = YES;
				GCC_C_LANGUAGE_STANDARD = gnu99;
				GCC_NO_COMMON_BLOCKS = YES;
				GCC_WARN_64_TO_32_BIT_CONVERSION = YES;
				GCC_WARN_ABOUT_RETURN_TYPE = YES_ERROR;
				GCC_WARN_UNDECLARED_SELECTOR = YES;
				GCC_WARN_UNINITIALIZED_AUTOS = YES_AGGRESSIVE;
				GCC_WARN_UNUSED_FUNCTION = YES;
				GCC_WARN_UNUSED_VARIABLE = YES;
				IPHONEOS_DEPLOYMENT_TARGET = 9.3;
				MTL_ENABLE_DEBUG_INFO = NO;
				SDKROOT = iphoneos;
				TARGETED_DEVICE_FAMILY = "1,2";
				VALIDATE_PRODUCT = YES;
			};
			name = Release;
		};
		948330E11D98B58B008EA934 /* Debug */ = {
			isa = XCBuildConfiguration;
			buildSettings = {
				INFOPLIST_FILE = "Accediendo-a-la-nube-con-iOS_Semana-3_HolaMundo WatchKit Extension/Info.plist";
				LD_RUNPATH_SEARCH_PATHS = "$(inherited) @executable_path/Frameworks @executable_path/../../Frameworks";
				PRODUCT_BUNDLE_IDENTIFIER = "com.m0rb1u5.Accediendo-a-la-nube-con-iOS-Semana-3-HolaMundo.watchkitapp.watchkitextension";
				PRODUCT_NAME = "${TARGET_NAME}";
				SDKROOT = watchos;
				SKIP_INSTALL = YES;
				TARGETED_DEVICE_FAMILY = 4;
				WATCHOS_DEPLOYMENT_TARGET = 2.2;
			};
			name = Debug;
		};
		948330E21D98B58B008EA934 /* Release */ = {
			isa = XCBuildConfiguration;
			buildSettings = {
				INFOPLIST_FILE = "Accediendo-a-la-nube-con-iOS_Semana-3_HolaMundo WatchKit Extension/Info.plist";
				LD_RUNPATH_SEARCH_PATHS = "$(inherited) @executable_path/Frameworks @executable_path/../../Frameworks";
				PRODUCT_BUNDLE_IDENTIFIER = "com.m0rb1u5.Accediendo-a-la-nube-con-iOS-Semana-3-HolaMundo.watchkitapp.watchkitextension";
				PRODUCT_NAME = "${TARGET_NAME}";
				SDKROOT = watchos;
				SKIP_INSTALL = YES;
				TARGETED_DEVICE_FAMILY = 4;
				WATCHOS_DEPLOYMENT_TARGET = 2.2;
			};
			name = Release;
		};
		948330E51D98B58B008EA934 /* Debug */ = {
			isa = XCBuildConfiguration;
			buildSettings = {
				ASSETCATALOG_COMPILER_APPICON_NAME = AppIcon;
				EMBEDDED_CONTENT_CONTAINS_SWIFT = YES;
				IBSC_MODULE = Accediendo_a_la_nube_con_iOS_Semana_3_HolaMundo_WatchKit_Extension;
				INFOPLIST_FILE = "Accediendo-a-la-nube-con-iOS_Semana-3_HolaMundo WatchKit App/Info.plist";
				PRODUCT_BUNDLE_IDENTIFIER = "com.m0rb1u5.Accediendo-a-la-nube-con-iOS-Semana-3-HolaMundo.watchkitapp";
				PRODUCT_NAME = "$(TARGET_NAME)";
				SDKROOT = watchos;
				SKIP_INSTALL = YES;
				TARGETED_DEVICE_FAMILY = 4;
				WATCHOS_DEPLOYMENT_TARGET = 2.2;
			};
			name = Debug;
		};
		948330E61D98B58B008EA934 /* Release */ = {
			isa = XCBuildConfiguration;
			buildSettings = {
				ASSETCATALOG_COMPILER_APPICON_NAME = AppIcon;
				EMBEDDED_CONTENT_CONTAINS_SWIFT = YES;
				IBSC_MODULE = Accediendo_a_la_nube_con_iOS_Semana_3_HolaMundo_WatchKit_Extension;
				INFOPLIST_FILE = "Accediendo-a-la-nube-con-iOS_Semana-3_HolaMundo WatchKit App/Info.plist";
				PRODUCT_BUNDLE_IDENTIFIER = "com.m0rb1u5.Accediendo-a-la-nube-con-iOS-Semana-3-HolaMundo.watchkitapp";
				PRODUCT_NAME = "$(TARGET_NAME)";
				SDKROOT = watchos;
				SKIP_INSTALL = YES;
				TARGETED_DEVICE_FAMILY = 4;
				WATCHOS_DEPLOYMENT_TARGET = 2.2;
			};
			name = Release;
		};
		948330E91D98B58B008EA934 /* Debug */ = {
			isa = XCBuildConfiguration;
			buildSettings = {
				ASSETCATALOG_COMPILER_APPICON_NAME = AppIcon;
				INFOPLIST_FILE = "Accediendo-a-la-nube-con-iOS_Semana-3_HolaMundo/Info.plist";
				LD_RUNPATH_SEARCH_PATHS = "$(inherited) @executable_path/Frameworks";
				PRODUCT_BUNDLE_IDENTIFIER = "com.m0rb1u5.Accediendo-a-la-nube-con-iOS-Semana-3-HolaMundo";
				PRODUCT_NAME = "$(TARGET_NAME)";
			};
			name = Debug;
		};
		948330EA1D98B58B008EA934 /* Release */ = {
			isa = XCBuildConfiguration;
			buildSettings = {
				ASSETCATALOG_COMPILER_APPICON_NAME = AppIcon;
				INFOPLIST_FILE = "Accediendo-a-la-nube-con-iOS_Semana-3_HolaMundo/Info.plist";
				LD_RUNPATH_SEARCH_PATHS = "$(inherited) @executable_path/Frameworks";
				PRODUCT_BUNDLE_IDENTIFIER = "com.m0rb1u5.Accediendo-a-la-nube-con-iOS-Semana-3-HolaMundo";
				PRODUCT_NAME = "$(TARGET_NAME)";
			};
			name = Release;
		};
/* End XCBuildConfiguration section */

/* Begin XCConfigurationList section */
		948330A61D98B589008EA934 /* Build configuration list for PBXProject "Accediendo-a-la-nube-con-iOS_Semana-3_HolaMundo" */ = {
			isa = XCConfigurationList;
			buildConfigurations = (
				948330DE1D98B58B008EA934 /* Debug */,
				948330DF1D98B58B008EA934 /* Release */,
			);
			defaultConfigurationIsVisible = 0;
			defaultConfigurationName = Release;
		};
		948330E01D98B58B008EA934 /* Build configuration list for PBXNativeTarget "Accediendo-a-la-nube-con-iOS_Semana-3_HolaMundo WatchKit Extension" */ = {
			isa = XCConfigurationList;
			buildConfigurations = (
				948330E11D98B58B008EA934 /* Debug */,
				948330E21D98B58B008EA934 /* Release */,
			);
			defaultConfigurationIsVisible = 0;
		};
		948330E41D98B58B008EA934 /* Build configuration list for PBXNativeTarget "Accediendo-a-la-nube-con-iOS_Semana-3_HolaMundo WatchKit App" */ = {
			isa = XCConfigurationList;
			buildConfigurations = (
				948330E51D98B58B008EA934 /* Debug */,
				948330E61D98B58B008EA934 /* Release */,
			);
			defaultConfigurationIsVisible = 0;
		};
		948330E81D98B58B008EA934 /* Build configuration list for PBXNativeTarget "Accediendo-a-la-nube-con-iOS_Semana-3_HolaMundo" */ = {
			isa = XCConfigurationList;
			buildConfigurations = (
				948330E91D98B58B008EA934 /* Debug */,
				948330EA1D98B58B008EA934 /* Release */,
			);
			defaultConfigurationIsVisible = 0;
		};
/* End XCConfigurationList section */
	};
	rootObject = 948330A31D98B589008EA934 /* Project object */;
}
